
Microsoft Visual Studio Solution File, Format Version 12.00
# Visual Studio 15
VisualStudioVersion = 15.0.28307.489
MinimumVisualStudioVersion = 10.0.40219.1
Project("{FAE04EC0-301F-11D3-BF4B-00C04F79EFBC}") = "SyncSaberLib", "SyncSaberLib\SyncSaberLib.csproj", "{47E9E695-C638-4E4F-AD3D-6E8F6ABD983F}"
EndProject
Project("{FAE04EC0-301F-11D3-BF4B-00C04F79EFBC}") = "SyncSaberServiceTests", "SyncSaberServiceTests\SyncSaberServiceTests.csproj", "{15C81339-6560-4DB8-AEC1-9E6C32678935}"
EndProject
Project("{FAE04EC0-301F-11D3-BF4B-00C04F79EFBC}") = "SyncSaberConsole", "SyncSaberConsole\SyncSaberConsole.csproj", "{9F38D628-2649-4890-86D6-419CC225592C}"
EndProject
Global
	GlobalSection(SolutionConfigurationPlatforms) = preSolution
		Debug|Any CPU = Debug|Any CPU
		Release|Any CPU = Release|Any CPU
	EndGlobalSection
	GlobalSection(ProjectConfigurationPlatforms) = postSolution
		{47E9E695-C638-4E4F-AD3D-6E8F6ABD983F}.Debug|Any CPU.ActiveCfg = Debug|Any CPU
		{47E9E695-C638-4E4F-AD3D-6E8F6ABD983F}.Debug|Any CPU.Build.0 = Debug|Any CPU
		{47E9E695-C638-4E4F-AD3D-6E8F6ABD983F}.Release|Any CPU.ActiveCfg = Release|Any CPU
		{47E9E695-C638-4E4F-AD3D-6E8F6ABD983F}.Release|Any CPU.Build.0 = Release|Any CPU
		{15C81339-6560-4DB8-AEC1-9E6C32678935}.Debug|Any CPU.ActiveCfg = Debug|Any CPU
		{15C81339-6560-4DB8-AEC1-9E6C32678935}.Debug|Any CPU.Build.0 = Debug|Any CPU
		{15C81339-6560-4DB8-AEC1-9E6C32678935}.Release|Any CPU.ActiveCfg = Release|Any CPU
		{15C81339-6560-4DB8-AEC1-9E6C32678935}.Release|Any CPU.Build.0 = Release|Any CPU
		{9F38D628-2649-4890-86D6-419CC225592C}.Debug|Any CPU.ActiveCfg = Debug|Any CPU
		{9F38D628-2649-4890-86D6-419CC225592C}.Debug|Any CPU.Build.0 = Debug|Any CPU
		{9F38D628-2649-4890-86D6-419CC225592C}.Release|Any CPU.ActiveCfg = Release|Any CPU
		{9F38D628-2649-4890-86D6-419CC225592C}.Release|Any CPU.Build.0 = Release|Any CPU
	EndGlobalSection
	GlobalSection(SolutionProperties) = preSolution
		HideSolutionNode = FALSE
	EndGlobalSection
	GlobalSection(ExtensibilityGlobals) = postSolution
		SolutionGuid = {A40DEEC2-9B61-4EA2-A034-FB7539DFD704}
	EndGlobalSection
EndGlobal
